
Microsoft Visual Studio Solution File, Format Version 12.00
# Visual Studio 15
VisualStudioVersion = 15.0.28010.2026
MinimumVisualStudioVersion = 10.0.40219.1
Project("{9A19103F-16F7-4668-BE54-9A1E7A4F7556}") = "TravelSystem", "TravelSystem\TravelSystem.csproj", "{F36371E1-1D4D-4D40-A784-D716C96AA66B}"
EndProject
Global
	GlobalSection(SolutionConfigurationPlatforms) = preSolution
		Debug|Any CPU = Debug|Any CPU
		Release|Any CPU = Release|Any CPU
	EndGlobalSection
	GlobalSection(ProjectConfigurationPlatforms) = postSolution
		{F36371E1-1D4D-4D40-A784-D716C96AA66B}.Debug|Any CPU.ActiveCfg = Debug|Any CPU
		{F36371E1-1D4D-4D40-A784-D716C96AA66B}.Debug|Any CPU.Build.0 = Debug|Any CPU
		{F36371E1-1D4D-4D40-A784-D716C96AA66B}.Release|Any CPU.ActiveCfg = Release|Any CPU
		{F36371E1-1D4D-4D40-A784-D716C96AA66B}.Release|Any CPU.Build.0 = Release|Any CPU
	EndGlobalSection
	GlobalSection(SolutionProperties) = preSolution
		HideSolutionNode = FALSE
	EndGlobalSection
	GlobalSection(ExtensibilityGlobals) = postSolution
		SolutionGuid = {86CD3DA4-AEC7-48A9-8B2F-28518BDCFDB7}
	EndGlobalSection
	GlobalSection(TeamFoundationVersionControl) = preSolution
		SccNumberOfProjects = 2
		SccEnterpriseProvider = {4CA58AB2-18FA-4F8D-95D4-32DDF27D184C}
		SccTeamFoundationServer = https://dev.azure.com/rehannadeem93
		SccLocalPath0 = .
		SccProjectUniqueName1 = TravelSystem\\TravelSystem.csproj
		SccProjectName1 = TravelSystem
		SccLocalPath1 = TravelSystem
	EndGlobalSection
EndGlobal
